{
  "name": "cc-grammar",
  "version": "0.5.1",
  "lockfileVersion": 3,
  "requires": true,
  "packages": {
    "": {
      "name": "cc-grammar",
      "version": "0.5.1",
      "license": "MIT",
      "bin": {
        "cc-grammar": "scripts/setup.mjs"
      },
      "peerDependencies": {
        "@mariozechner/pi-coding-agent": "*"
      },
      "peerDependenciesMeta": {
        "@mariozechner/pi-coding-agent": {
          "optional": true
        }
      }
    }
  }
}
